{
  "lockfileVersion": 1,
  "configVersion": 1,
  "workspaces": {
    "": {
      "name": "smart-agent-router-memory",
      "dependencies": {
        "bidi-js": "^1.0.3",
        "dotenv": "^16.6.1",
        "mathjs": "^14.8.1",
        "openai": "^6.8.1",
      },
      "devDependencies": {
        "@types/bun": "latest",
        "typescript": "^5.9.3",
      },
    },
  },
  "packages": {
    "@babel/runtime": ["@babel/runtime@7.29.2", "", {}, "sha512-JiDShH45zKHWyGe4ZNVRrCjBz8Nh9TMmZG1kh4QTK8hCBTWBi8Da+i7s1fJw7/lYpM4ccepSNfqzZ/QvABBi5g=="],

    "@types/bun": ["@types/bun@1.3.11", "", { "dependencies": { "bun-types": "1.3.11" } }, "sha512-5vPne5QvtpjGpsGYXiFyycfpDF2ECyPcTSsFBMa0fraoxiQyMJ3SmuQIGhzPg2WJuWxVBoxWJ2kClYTcw/4fAg=="],

    "@types/node": ["@types/node@25.5.0", "", { "dependencies": { "undici-types": "7.18.2" } }, "sha512-jp2P3tQMSxWugkCUKLRPVUpGaL5MVFwF8RDuSRztfwgN1wmqJeMSbKlnEtQqU8UrhTmzEmZdu2I6v2dpp7XIxw=="],

    "bidi-js": ["bidi-js@1.0.3", "", { "dependencies": { "require-from-string": "^2.0.2" } }, "sha512-RKshQI1R3YQ+n9YJz2QQ147P66ELpa1FQEg20Dk8oW9t2KgLbpDLLp9aGZ7y8WHSshDknG0bknqGw5/tyCs5tw=="],

    "bun-types": ["bun-types@1.3.11", "", { "dependencies": { "@types/node": "25.5.0" } }, "sha512-1KGPpoxQWl9f6wcZh57LvrPIInQMn2TQ7jsgxqpRzg+l0QPOFvJVH7HmvHo/AiPgwXy+/Thf6Ov3EdVn1vOabg=="],

    "complex.js": ["complex.js@2.4.3", "", {}, "sha512-UrQVSUur14tNX6tiP4y8T4w4FeJAX3bi2cIv0pu/DTLFNxoq7z2Yh83Vfzztj6Px3X/lubqQ9IrPp7Bpn6p4MQ=="],

    "decimal.js": ["decimal.js@10.6.0", "", {}, "sha512-YpgQiITW3JXGntzdUmyUR1V812Hn8T1YVXhCu+wO3OpS4eU9l4YdD3qjyiKdV6mvV29zapkMeD390UVEf2lkUg=="],

    "dotenv": ["dotenv@16.6.1", "", {}, "sha512-uBq4egWHTcTt33a72vpSG0z3HnPuIl6NqYcTrKEg2azoEyl2hpW0zqlxysq2pK9HlDIHyHyakeYaYnSAwd8bow=="],

    "escape-latex": ["escape-latex@1.2.0", "", {}, "sha512-nV5aVWW1K0wEiUIEdZ4erkGGH8mDxGyxSeqPzRNtWP7ataw+/olFObw7hujFWlVjNsaDFw5VZ5NzVSIqRgfTiw=="],

    "fraction.js": ["fraction.js@5.3.4", "", {}, "sha512-1X1NTtiJphryn/uLQz3whtY6jK3fTqoE3ohKs0tT+Ujr1W59oopxmoEh7Lu5p6vBaPbgoM0bzveAW4Qi5RyWDQ=="],

    "javascript-natural-sort": ["javascript-natural-sort@0.7.1", "", {}, "sha512-nO6jcEfZWQXDhOiBtG2KvKyEptz7RVbpGP4vTD2hLBdmNQSsCiicO2Ioinv6UI4y9ukqnBpy+XZ9H6uLNgJTlw=="],

    "mathjs": ["mathjs@14.9.1", "", { "dependencies": { "@babel/runtime": "7.29.2", "complex.js": "2.4.3", "decimal.js": "10.6.0", "escape-latex": "1.2.0", "fraction.js": "5.3.4", "javascript-natural-sort": "0.7.1", "seedrandom": "3.0.5", "tiny-emitter": "2.1.0", "typed-function": "4.2.2" }, "bin": { "mathjs": "bin/cli.js" } }, "sha512-xhqv8Xjf+caWG3WlaPekg4v8QFOR3D5+8ycfcjMcPcnCNDgAONQLaLfyGgrggJrcHx2yUGCpACRpiD4GmXwX+Q=="],

    "openai": ["openai@6.32.0", "", { "bin": { "openai": "bin/cli" } }, "sha512-j3k+BjydAf8yQlcOI7WUQMQTbbF5GEIMAE2iZYCOzwwB3S2pCheaWYp+XZRNAch4jWVc52PMDGRRjutao3lLCg=="],

    "require-from-string": ["require-from-string@2.0.2", "", {}, "sha512-Xf0nWe6RseziFMu+Ap9biiUbmplq6S9/p+7w7YXP/JBHhrUDDUhwa+vANyubuqfZWTveU//DYVGsDG7RKL/vEw=="],

    "seedrandom": ["seedrandom@3.0.5", "", {}, "sha512-8OwmbklUNzwezjGInmZ+2clQmExQPvomqjL7LFqOYqtmuxRgQYqOD3mHaU+MvZn5FLUeVxVfQjwLZW/n/JFuqg=="],

    "tiny-emitter": ["tiny-emitter@2.1.0", "", {}, "sha512-NB6Dk1A9xgQPMoGqC5CVXn123gWyte215ONT5Pp5a0yt4nlEoO1ZWeCwpncaekPHXO60i47ihFnZPiRPjRMq4Q=="],

    "typed-function": ["typed-function@4.2.2", "", {}, "sha512-VwaXim9Gp1bngi/q3do8hgttYn2uC3MoT/gfuMWylnj1IeZBUAyPddHZlo1K05BDoj8DYPpMdiHqH1dDYdJf2A=="],

    "typescript": ["typescript@5.9.3", "", { "bin": { "tsc": "bin/tsc", "tsserver": "bin/tsserver" } }, "sha512-jl1vZzPDinLr9eUt3J/t7V6FgNEw9QjvBPdysz9KfQDD41fQrC2Y4vKQdiaUpFT4bXlb1RHhLpp8wtm6M5TgSw=="],

    "undici-types": ["undici-types@7.18.2", "", {}, "sha512-AsuCzffGHJybSaRrmr5eHr81mwJU3kjw6M+uprWvCXiNeN9SOGwQ3Jn8jb8m3Z6izVgknn1R0FTCEAP2QrLY/w=="],
  }
}
